
Microsoft Visual Studio Solution File, Format Version 12.00
# Visual Studio 15
VisualStudioVersion = 15.0.27428.2005
MinimumVisualStudioVersion = 10.0.40219.1
Project("{9A19103F-16F7-4668-BE54-9A1E7A4F7556}") = "ArtGalleryShop", "ArtGalleryShop\ArtGalleryShop.csproj", "{3D0938D3-A3D7-44A7-BD40-89E9FE45240D}"
EndProject
Project("{9A19103F-16F7-4668-BE54-9A1E7A4F7556}") = "ArtGalleryShop.Data", "ArtGalleryShop.Data\ArtGalleryShop.Data.csproj", "{8529349B-BEC2-445E-8271-0189807BFB5A}"
EndProject
Global
	GlobalSection(SolutionConfigurationPlatforms) = preSolution
		Debug|Any CPU = Debug|Any CPU
		Release|Any CPU = Release|Any CPU
	EndGlobalSection
	GlobalSection(ProjectConfigurationPlatforms) = postSolution
		{3D0938D3-A3D7-44A7-BD40-89E9FE45240D}.Debug|Any CPU.ActiveCfg = Debug|Any CPU
		{3D0938D3-A3D7-44A7-BD40-89E9FE45240D}.Debug|Any CPU.Build.0 = Debug|Any CPU
		{3D0938D3-A3D7-44A7-BD40-89E9FE45240D}.Release|Any CPU.ActiveCfg = Release|Any CPU
		{3D0938D3-A3D7-44A7-BD40-89E9FE45240D}.Release|Any CPU.Build.0 = Release|Any CPU
		{8529349B-BEC2-445E-8271-0189807BFB5A}.Debug|Any CPU.ActiveCfg = Debug|Any CPU
		{8529349B-BEC2-445E-8271-0189807BFB5A}.Debug|Any CPU.Build.0 = Debug|Any CPU
		{8529349B-BEC2-445E-8271-0189807BFB5A}.Release|Any CPU.ActiveCfg = Release|Any CPU
		{8529349B-BEC2-445E-8271-0189807BFB5A}.Release|Any CPU.Build.0 = Release|Any CPU
	EndGlobalSection
	GlobalSection(SolutionProperties) = preSolution
		HideSolutionNode = FALSE
	EndGlobalSection
	GlobalSection(ExtensibilityGlobals) = postSolution
		SolutionGuid = {8E5C6BB4-CA91-4EDA-AC10-1DB98700A15A}
	EndGlobalSection
EndGlobal
